
Microsoft Visual Studio Solution File, Format Version 12.00
# Visual Studio Version 16
VisualStudioVersion = 16.0.31105.61
MinimumVisualStudioVersion = 10.0.40219.1
Project("{FAE04EC0-301F-11D3-BF4B-00C04F79EFBC}") = "PosiPrice.API", "PosiPrice.API.csproj", "{FE2F5A6D-E5FA-44FC-B9E7-36400E0F2317}"
EndProject
Global
	GlobalSection(SolutionConfigurationPlatforms) = preSolution
		Debug|Any CPU = Debug|Any CPU
		Release|Any CPU = Release|Any CPU
	EndGlobalSection
	GlobalSection(ProjectConfigurationPlatforms) = postSolution
		{FE2F5A6D-E5FA-44FC-B9E7-36400E0F2317}.Debug|Any CPU.ActiveCfg = Debug|Any CPU
		{FE2F5A6D-E5FA-44FC-B9E7-36400E0F2317}.Debug|Any CPU.Build.0 = Debug|Any CPU
		{FE2F5A6D-E5FA-44FC-B9E7-36400E0F2317}.Release|Any CPU.ActiveCfg = Release|Any CPU
		{FE2F5A6D-E5FA-44FC-B9E7-36400E0F2317}.Release|Any CPU.Build.0 = Release|Any CPU
	EndGlobalSection
	GlobalSection(SolutionProperties) = preSolution
		HideSolutionNode = FALSE
	EndGlobalSection
	GlobalSection(ExtensibilityGlobals) = postSolution
		SolutionGuid = {6A3A6727-332B-4950-8F85-727532E12B7B}
	EndGlobalSection
EndGlobal
